
Microsoft Visual Studio Solution File, Format Version 12.00
# Visual Studio Version 17
VisualStudioVersion = 17.14.36202.13 d17.14
MinimumVisualStudioVersion = 10.0.40219.1
Project("{FAE04EC0-301F-11D3-BF4B-00C04F79EFBC}") = "ARB", "ARB\ARB.csproj", "{403924B1-17AF-4956-B981-B2BAB4C32732}"
EndProject
Global
	GlobalSection(SolutionConfigurationPlatforms) = preSolution
		Debug|Any CPU = Debug|Any CPU
		Release|Any CPU = Release|Any CPU
	EndGlobalSection
	GlobalSection(ProjectConfigurationPlatforms) = postSolution
		{403924B1-17AF-4956-B981-B2BAB4C32732}.Debug|Any CPU.ActiveCfg = Debug|Any CPU
		{403924B1-17AF-4956-B981-B2BAB4C32732}.Debug|Any CPU.Build.0 = Debug|Any CPU
		{403924B1-17AF-4956-B981-B2BAB4C32732}.Release|Any CPU.ActiveCfg = Release|Any CPU
		{403924B1-17AF-4956-B981-B2BAB4C32732}.Release|Any CPU.Build.0 = Release|Any CPU
	EndGlobalSection
	GlobalSection(SolutionProperties) = preSolution
		HideSolutionNode = FALSE
	EndGlobalSection
	GlobalSection(ExtensibilityGlobals) = postSolution
		SolutionGuid = {7829E106-BE16-47D4-9937-3E8A41D19490}
	EndGlobalSection
EndGlobal
